
Microsoft Visual Studio Solution File, Format Version 12.00
# Visual Studio Version 17
VisualStudioVersion = 17.8.34511.84
MinimumVisualStudioVersion = 10.0.40219.1
Project("{9A19103F-16F7-4668-BE54-9A1E7A4F7556}") = "ScriptGenerator", "ScriptGenerator.csproj", "{8EB53506-2075-4C15-B06A-71947F04A658}"
EndProject
Project("{FAE04EC0-301F-11D3-BF4B-00C04F79EFBC}") = "AESDBHandler", "AESDBHandler\AESDBHandler\AESDBHandler.csproj", "{ABFD88D8-984B-4254-B3AD-DD13A1E60CE5}"
EndProject
Project("{FAE04EC0-301F-11D3-BF4B-00C04F79EFBC}") = "AESEngine", "AESEngine\AESEngine\AESEngine.csproj", "{1E24CFBD-98FC-4580-9314-60F484D8A9FB}"
EndProject
Project("{FAE04EC0-301F-11D3-BF4B-00C04F79EFBC}") = "AESModel", "AESModel\AESModel\AESModel.csproj", "{19CFC10C-79E4-4614-8DEE-32CABB983C5F}"
EndProject
Global
	GlobalSection(SolutionConfigurationPlatforms) = preSolution
		Debug|Any CPU = Debug|Any CPU
		Release|Any CPU = Release|Any CPU
	EndGlobalSection
	GlobalSection(ProjectConfigurationPlatforms) = postSolution
		{8EB53506-2075-4C15-B06A-71947F04A658}.Debug|Any CPU.ActiveCfg = Debug|Any CPU
		{8EB53506-2075-4C15-B06A-71947F04A658}.Debug|Any CPU.Build.0 = Debug|Any CPU
		{8EB53506-2075-4C15-B06A-71947F04A658}.Release|Any CPU.ActiveCfg = Release|Any CPU
		{8EB53506-2075-4C15-B06A-71947F04A658}.Release|Any CPU.Build.0 = Release|Any CPU
		{ABFD88D8-984B-4254-B3AD-DD13A1E60CE5}.Debug|Any CPU.ActiveCfg = Debug|Any CPU
		{ABFD88D8-984B-4254-B3AD-DD13A1E60CE5}.Debug|Any CPU.Build.0 = Debug|Any CPU
		{ABFD88D8-984B-4254-B3AD-DD13A1E60CE5}.Release|Any CPU.ActiveCfg = Release|Any CPU
		{ABFD88D8-984B-4254-B3AD-DD13A1E60CE5}.Release|Any CPU.Build.0 = Release|Any CPU
		{1E24CFBD-98FC-4580-9314-60F484D8A9FB}.Debug|Any CPU.ActiveCfg = Debug|Any CPU
		{1E24CFBD-98FC-4580-9314-60F484D8A9FB}.Debug|Any CPU.Build.0 = Debug|Any CPU
		{1E24CFBD-98FC-4580-9314-60F484D8A9FB}.Release|Any CPU.ActiveCfg = Release|Any CPU
		{1E24CFBD-98FC-4580-9314-60F484D8A9FB}.Release|Any CPU.Build.0 = Release|Any CPU
		{19CFC10C-79E4-4614-8DEE-32CABB983C5F}.Debug|Any CPU.ActiveCfg = Debug|Any CPU
		{19CFC10C-79E4-4614-8DEE-32CABB983C5F}.Debug|Any CPU.Build.0 = Debug|Any CPU
		{19CFC10C-79E4-4614-8DEE-32CABB983C5F}.Release|Any CPU.ActiveCfg = Release|Any CPU
		{19CFC10C-79E4-4614-8DEE-32CABB983C5F}.Release|Any CPU.Build.0 = Release|Any CPU
	EndGlobalSection
	GlobalSection(SolutionProperties) = preSolution
		HideSolutionNode = FALSE
	EndGlobalSection
	GlobalSection(ExtensibilityGlobals) = postSolution
		SolutionGuid = {7EFEF8DB-E902-42FE-A42C-737D85086F3A}
	EndGlobalSection
EndGlobal
